DEPENDENCIES
  postgresql

GRAPH
  7-zip (1.0.2)
    windows (>= 1.2.2)
  apt (2.9.2)
  build-essential (2.4.0)
    7-zip (>= 0.0.0)
  chef-sugar (3.3.0)
  chef_handler (1.4.0)
  openssl (4.4.0)
    chef-sugar (>= 3.1.1)
  postgresql (4.0.6)
    apt (>= 1.9.0)
    build-essential (>= 0.0.0)
    openssl (~> 4.0)
  windows (1.41.0)
    chef_handler (>= 0.0.0)
